
Microsoft Visual Studio Solution File, Format Version 12.00
# Visual Studio Version 17
VisualStudioVersion = 17.4.33213.308
MinimumVisualStudioVersion = 10.0.40219.1
Project("{FAE04EC0-301F-11D3-BF4B-00C04F79EFBC}") = "CapaPresentacion", "CapaPresentacion\CapaPresentacion.csproj", "{A19C29DD-F817-4BDB-9A6A-E33D838BDEA9}"
EndProject
Project("{FAE04EC0-301F-11D3-BF4B-00C04F79EFBC}") = "CapaEntidad", "CapaEntidad\CapaEntidad.csproj", "{40EACFE3-B4BD-4420-B297-DC97F48A4639}"
EndProject
Project("{FAE04EC0-301F-11D3-BF4B-00C04F79EFBC}") = "CapaNegocio", "CapaNegocio\CapaNegocio.csproj", "{F59F0B63-8AAE-41F5-93E4-C6179054DA01}"
EndProject
Project("{FAE04EC0-301F-11D3-BF4B-00C04F79EFBC}") = "CapaDatos", "CapaDatos\CapaDatos.csproj", "{138D9216-A3FB-4DC8-94E2-D145ECD2603B}"
EndProject
Project("{2150E333-8FDC-42A3-9474-1A3956D46DE8}") = "Solution Items", "Solution Items", "{8DAC8CCD-3992-4A0B-B9D8-34C498F6D3CD}"
	ProjectSection(SolutionItems) = preProject
		.editorconfig = .editorconfig
	EndProjectSection
EndProject
Global
	GlobalSection(SolutionConfigurationPlatforms) = preSolution
		Debug|Any CPU = Debug|Any CPU
		Release|Any CPU = Release|Any CPU
	EndGlobalSection
	GlobalSection(ProjectConfigurationPlatforms) = postSolution
		{A19C29DD-F817-4BDB-9A6A-E33D838BDEA9}.Debug|Any CPU.ActiveCfg = Debug|Any CPU
		{A19C29DD-F817-4BDB-9A6A-E33D838BDEA9}.Debug|Any CPU.Build.0 = Debug|Any CPU
		{A19C29DD-F817-4BDB-9A6A-E33D838BDEA9}.Release|Any CPU.ActiveCfg = Release|Any CPU
		{A19C29DD-F817-4BDB-9A6A-E33D838BDEA9}.Release|Any CPU.Build.0 = Release|Any CPU
		{40EACFE3-B4BD-4420-B297-DC97F48A4639}.Debug|Any CPU.ActiveCfg = Debug|Any CPU
		{40EACFE3-B4BD-4420-B297-DC97F48A4639}.Debug|Any CPU.Build.0 = Debug|Any CPU
		{40EACFE3-B4BD-4420-B297-DC97F48A4639}.Release|Any CPU.ActiveCfg = Release|Any CPU
		{40EACFE3-B4BD-4420-B297-DC97F48A4639}.Release|Any CPU.Build.0 = Release|Any CPU
		{F59F0B63-8AAE-41F5-93E4-C6179054DA01}.Debug|Any CPU.ActiveCfg = Debug|Any CPU
		{F59F0B63-8AAE-41F5-93E4-C6179054DA01}.Debug|Any CPU.Build.0 = Debug|Any CPU
		{F59F0B63-8AAE-41F5-93E4-C6179054DA01}.Release|Any CPU.ActiveCfg = Release|Any CPU
		{F59F0B63-8AAE-41F5-93E4-C6179054DA01}.Release|Any CPU.Build.0 = Release|Any CPU
		{138D9216-A3FB-4DC8-94E2-D145ECD2603B}.Debug|Any CPU.ActiveCfg = Debug|Any CPU
		{138D9216-A3FB-4DC8-94E2-D145ECD2603B}.Debug|Any CPU.Build.0 = Debug|Any CPU
		{138D9216-A3FB-4DC8-94E2-D145ECD2603B}.Release|Any CPU.ActiveCfg = Release|Any CPU
		{138D9216-A3FB-4DC8-94E2-D145ECD2603B}.Release|Any CPU.Build.0 = Release|Any CPU
	EndGlobalSection
	GlobalSection(SolutionProperties) = preSolution
		HideSolutionNode = FALSE
	EndGlobalSection
	GlobalSection(ExtensibilityGlobals) = postSolution
		SolutionGuid = {CD3770C4-E96C-4DF4-8C32-B737832FFF80}
	EndGlobalSection
EndGlobal
